
Microsoft Visual Studio Solution File, Format Version 12.00
# Visual Studio Version 17
VisualStudioVersion = 17.0.31903.59
MinimumVisualStudioVersion = 10.0.40219.1
Project("{2150E333-8FDC-42A3-9474-1A3956D46DE8}") = "src", "src", "{265B883C-8B87-43BF-8402-13CB8250AEB3}"
EndProject
Project("{FAE04EC0-301F-11D3-BF4B-00C04F79EFBC}") = "AutoFactoryScope.Core", "src\AutoFactoryScope.Core\AutoFactoryScope.Core.csproj", "{44453F79-3BD1-4F29-B356-9F7C296B061D}"
EndProject
Project("{FAE04EC0-301F-11D3-BF4B-00C04F79EFBC}") = "AutoFactoryScope.ML", "src\AutoFactoryScope.ML\AutoFactoryScope.ML.csproj", "{2E879FFB-4652-4AD1-A961-5DB487954348}"
EndProject
Project("{FAE04EC0-301F-11D3-BF4B-00C04F79EFBC}") = "AutoFactoryScope.ImageProcessing", "src\AutoFactoryScope.ImageProcessing\AutoFactoryScope.ImageProcessing.csproj", "{375364AD-7D4B-4F09-9F4F-89D06F5C9802}"
EndProject
Project("{FAE04EC0-301F-11D3-BF4B-00C04F79EFBC}") = "AutoFactoryScope.CLI", "src\AutoFactoryScope.CLI\AutoFactoryScope.CLI.csproj", "{E00B4361-B76C-4991-A018-3CEB8C12FBA2}"
EndProject
Project("{2150E333-8FDC-42A3-9474-1A3956D46DE8}") = "tests", "tests", "{80633752-31F0-4B1B-B9B9-32E2863D8003}"
EndProject
Project("{FAE04EC0-301F-11D3-BF4B-00C04F79EFBC}") = "AutoFactoryScope.Core.Tests", "tests\AutoFactoryScope.Core.Tests\AutoFactoryScope.Core.Tests.csproj", "{F2DF16E1-59E6-4F1B-99BB-E12F84119E0F}"
EndProject
Global
	GlobalSection(SolutionConfigurationPlatforms) = preSolution
		Debug|Any CPU = Debug|Any CPU
		Release|Any CPU = Release|Any CPU
	EndGlobalSection
	GlobalSection(ProjectConfigurationPlatforms) = postSolution
		{44453F79-3BD1-4F29-B356-9F7C296B061D}.Debug|Any CPU.ActiveCfg = Debug|Any CPU
		{44453F79-3BD1-4F29-B356-9F7C296B061D}.Debug|Any CPU.Build.0 = Debug|Any CPU
		{44453F79-3BD1-4F29-B356-9F7C296B061D}.Release|Any CPU.ActiveCfg = Release|Any CPU
		{44453F79-3BD1-4F29-B356-9F7C296B061D}.Release|Any CPU.Build.0 = Release|Any CPU
		{2E879FFB-4652-4AD1-A961-5DB487954348}.Debug|Any CPU.ActiveCfg = Debug|Any CPU
		{2E879FFB-4652-4AD1-A961-5DB487954348}.Debug|Any CPU.Build.0 = Debug|Any CPU
		{2E879FFB-4652-4AD1-A961-5DB487954348}.Release|Any CPU.ActiveCfg = Release|Any CPU
		{2E879FFB-4652-4AD1-A961-5DB487954348}.Release|Any CPU.Build.0 = Release|Any CPU
		{375364AD-7D4B-4F09-9F4F-89D06F5C9802}.Debug|Any CPU.ActiveCfg = Debug|Any CPU
		{375364AD-7D4B-4F09-9F4F-89D06F5C9802}.Debug|Any CPU.Build.0 = Debug|Any CPU
		{375364AD-7D4B-4F09-9F4F-89D06F5C9802}.Release|Any CPU.ActiveCfg = Release|Any CPU
		{375364AD-7D4B-4F09-9F4F-89D06F5C9802}.Release|Any CPU.Build.0 = Release|Any CPU
		{E00B4361-B76C-4991-A018-3CEB8C12FBA2}.Debug|Any CPU.ActiveCfg = Debug|Any CPU
		{E00B4361-B76C-4991-A018-3CEB8C12FBA2}.Debug|Any CPU.Build.0 = Debug|Any CPU
		{E00B4361-B76C-4991-A018-3CEB8C12FBA2}.Release|Any CPU.ActiveCfg = Release|Any CPU
		{E00B4361-B76C-4991-A018-3CEB8C12FBA2}.Release|Any CPU.Build.0 = Release|Any CPU
		{F2DF16E1-59E6-4F1B-99BB-E12F84119E0F}.Debug|Any CPU.ActiveCfg = Debug|Any CPU
		{F2DF16E1-59E6-4F1B-99BB-E12F84119E0F}.Debug|Any CPU.Build.0 = Debug|Any CPU
		{F2DF16E1-59E6-4F1B-99BB-E12F84119E0F}.Release|Any CPU.ActiveCfg = Release|Any CPU
		{F2DF16E1-59E6-4F1B-99BB-E12F84119E0F}.Release|Any CPU.Build.0 = Release|Any CPU
	EndGlobalSection
	GlobalSection(SolutionProperties) = preSolution
		HideSolutionNode = FALSE
	EndGlobalSection
	GlobalSection(ExtensibilityGlobals) = postSolution
		SolutionGuid = {29C2E273-B179-4850-95E3-BBADA433B9F0}
	EndGlobalSection
	GlobalSection(NestedProjects) = preSolution
		{44453F79-3BD1-4F29-B356-9F7C296B061D} = {265B883C-8B87-43BF-8402-13CB8250AEB3}
		{2E879FFB-4652-4AD1-A961-5DB487954348} = {265B883C-8B87-43BF-8402-13CB8250AEB3}
		{375364AD-7D4B-4F09-9F4F-89D06F5C9802} = {265B883C-8B87-43BF-8402-13CB8250AEB3}
		{E00B4361-B76C-4991-A018-3CEB8C12FBA2} = {265B883C-8B87-43BF-8402-13CB8250AEB3}
		{F2DF16E1-59E6-4F1B-99BB-E12F84119E0F} = {80633752-31F0-4B1B-B9B9-32E2863D8003}
	EndGlobalSection
EndGlobal
